{
  "nodes": {
    "go-wallet-sdk": {
      "flake": false,
      "locked": {
        "lastModified": 1764275000,
        "narHash": "sha256-4JXzlUbx3VEXEwu8kSLdsl85/dyJQ7AzHvmFPPpAW1E=",
        "owner": "status-im",
        "repo": "go-wallet-sdk",
        "rev": "1739c1592948f4ba34026b73b9b1b54655d07c32",
        "type": "github"
      },
      "original": {
        "owner": "status-im",
        "repo": "go-wallet-sdk",
        "rev": "1739c1592948f4ba34026b73b9b1b54655d07c32",
        "type": "github"
      }
    },
    "logos-capability-module": {
      "inputs": {
        "logos-cpp-sdk": "logos-cpp-sdk",
        "logos-liblogos": "logos-liblogos",
        "nixpkgs": [
          "logos-capability-module",
          "logos-liblogos",
          "nixpkgs"
        ]
      },
      "locked": {
        "lastModified": 1761847353,
        "narHash": "sha256-ByAhRTSYxNnEoUEYSmht9nnDMnx2BCWzJav31dwFucU=",
        "owner": "logos-co",
        "repo": "logos-capability-module",
        "rev": "47836a396591126cc2a339f8d906eb4e3835fc25",
        "type": "github"
      },
      "original": {
        "owner": "logos-co",
        "repo": "logos-capability-module",
        "type": "github"
      }
    },
    "logos-cpp-sdk": {
      "inputs": {
        "nixpkgs": "nixpkgs"
      },
      "locked": {
        "lastModified": 1761230734,
        "narHash": "sha256-CMRUwXH7pJZ1OI6bd/TDDDXKqQ1tQZHQEOOwK8TgYHI=",
        "owner": "logos-co",
        "repo": "logos-cpp-sdk",
        "rev": "4b143922c190df00bb3835441c9f0075cb28283b",
        "type": "github"
      },
      "original": {
        "owner": "logos-co",
        "repo": "logos-cpp-sdk",
        "type": "github"
      }
    },
    "logos-cpp-sdk_2": {
      "inputs": {
        "nixpkgs": "nixpkgs_2"
      },
      "locked": {
        "lastModified": 1761230734,
        "narHash": "sha256-CMRUwXH7pJZ1OI6bd/TDDDXKqQ1tQZHQEOOwK8TgYHI=",
        "owner": "logos-co",
        "repo": "logos-cpp-sdk",
        "rev": "4b143922c190df00bb3835441c9f0075cb28283b",
        "type": "github"
      },
      "original": {
        "owner": "logos-co",
        "repo": "logos-cpp-sdk",
        "type": "github"
      }
    },
    "logos-cpp-sdk_3": {
      "inputs": {
        "nixpkgs": "nixpkgs_3"
      },
      "locked": {
        "lastModified": 1761230734,
        "narHash": "sha256-CMRUwXH7pJZ1OI6bd/TDDDXKqQ1tQZHQEOOwK8TgYHI=",
        "owner": "logos-co",
        "repo": "logos-cpp-sdk",
        "rev": "4b143922c190df00bb3835441c9f0075cb28283b",
        "type": "github"
      },
      "original": {
        "owner": "logos-co",
        "repo": "logos-cpp-sdk",
        "type": "github"
      }
    },
    "logos-cpp-sdk_4": {
      "inputs": {
        "nixpkgs": "nixpkgs_4"
      },
      "locked": {
        "lastModified": 1761230734,
        "narHash": "sha256-CMRUwXH7pJZ1OI6bd/TDDDXKqQ1tQZHQEOOwK8TgYHI=",
        "owner": "logos-co",
        "repo": "logos-cpp-sdk",
        "rev": "4b143922c190df00bb3835441c9f0075cb28283b",
        "type": "github"
      },
      "original": {
        "owner": "logos-co",
        "repo": "logos-cpp-sdk",
        "type": "github"
      }
    },
    "logos-cpp-sdk_5": {
      "inputs": {
        "nixpkgs": "nixpkgs_5"
      },
      "locked": {
        "lastModified": 1761230734,
        "narHash": "sha256-CMRUwXH7pJZ1OI6bd/TDDDXKqQ1tQZHQEOOwK8TgYHI=",
        "owner": "logos-co",
        "repo": "logos-cpp-sdk",
        "rev": "4b143922c190df00bb3835441c9f0075cb28283b",
        "type": "github"
      },
      "original": {
        "owner": "logos-co",
        "repo": "logos-cpp-sdk",
        "type": "github"
      }
    },
    "logos-cpp-sdk_6": {
      "inputs": {
        "nixpkgs": "nixpkgs_6"
      },
      "locked": {
        "lastModified": 1761230734,
        "narHash": "sha256-CMRUwXH7pJZ1OI6bd/TDDDXKqQ1tQZHQEOOwK8TgYHI=",
        "owner": "logos-co",
        "repo": "logos-cpp-sdk",
        "rev": "4b143922c190df00bb3835441c9f0075cb28283b",
        "type": "github"
      },
      "original": {
        "owner": "logos-co",
        "repo": "logos-cpp-sdk",
        "type": "github"
      }
    },
    "logos-liblogos": {
      "inputs": {
        "logos-cpp-sdk": "logos-cpp-sdk_2",
        "nixpkgs": [
          "logos-capability-module",
          "logos-liblogos",
          "logos-cpp-sdk",
          "nixpkgs"
        ]
      },
      "locked": {
        "lastModified": 1761845775,
        "narHash": "sha256-ulK8xq05ejK6qIgZ7WtWb/MJt2rk5BKfDA2z7mM3wq8=",
        "owner": "logos-co",
        "repo": "logos-liblogos",
        "rev": "a92c2c1268bc70764c8f73c7bce07d21024f5af9",
        "type": "github"
      },
      "original": {
        "owner": "logos-co",
        "repo": "logos-liblogos",
        "type": "github"
      }
    },
    "logos-liblogos_2": {
      "inputs": {
        "logos-cpp-sdk": "logos-cpp-sdk_4",
        "nixpkgs": [
          "logos-liblogos",
          "logos-cpp-sdk",
          "nixpkgs"
        ]
      },
      "locked": {
        "lastModified": 1761845775,
        "narHash": "sha256-ulK8xq05ejK6qIgZ7WtWb/MJt2rk5BKfDA2z7mM3wq8=",
        "owner": "logos-co",
        "repo": "logos-liblogos",
        "rev": "a92c2c1268bc70764c8f73c7bce07d21024f5af9",
        "type": "github"
      },
      "original": {
        "owner": "logos-co",
        "repo": "logos-liblogos",
        "type": "github"
      }
    },
    "logos-liblogos_3": {
      "inputs": {
        "logos-cpp-sdk": "logos-cpp-sdk_6",
        "nixpkgs": [
          "logos-wallet-module",
          "logos-liblogos",
          "logos-cpp-sdk",
          "nixpkgs"
        ]
      },
      "locked": {
        "lastModified": 1761845775,
        "narHash": "sha256-ulK8xq05ejK6qIgZ7WtWb/MJt2rk5BKfDA2z7mM3wq8=",
        "owner": "logos-co",
        "repo": "logos-liblogos",
        "rev": "a92c2c1268bc70764c8f73c7bce07d21024f5af9",
        "type": "github"
      },
      "original": {
        "owner": "logos-co",
        "repo": "logos-liblogos",
        "type": "github"
      }
    },
    "logos-wallet-module": {
      "inputs": {
        "go-wallet-sdk": "go-wallet-sdk",
        "logos-cpp-sdk": "logos-cpp-sdk_5",
        "logos-liblogos": "logos-liblogos_3",
        "nixpkgs": [
          "logos-wallet-module",
          "logos-liblogos",
          "nixpkgs"
        ]
      },
      "locked": {
        "lastModified": 1764275198,
        "narHash": "sha256-5af7zprmWrRdrKjH0h09egxtY64RssoMSZHjH60snxw=",
        "owner": "logos-co",
        "repo": "logos-wallet-module",
        "rev": "14819179081dea6607aa49ce45f3997355f813aa",
        "type": "github"
      },
      "original": {
        "owner": "logos-co",
        "repo": "logos-wallet-module",
        "rev": "14819179081dea6607aa49ce45f3997355f813aa",
        "type": "github"
      }
    },
    "nixpkgs": {
      "locked": {
        "lastModified": 1759036355,
        "narHash": "sha256-0m27AKv6ka+q270dw48KflE0LwQYrO7Fm4/2//KCVWg=",
        "owner": "NixOS",
        "repo": "nixpkgs",
        "rev": "e9f00bd893984bc8ce46c895c3bf7cac95331127",
        "type": "github"
      },
      "original": {
        "owner": "NixOS",
        "ref": "nixos-unstable",
        "repo": "nixpkgs",
        "type": "github"
      }
    },
    "nixpkgs_2": {
      "locked": {
        "lastModified": 1759036355,
        "narHash": "sha256-0m27AKv6ka+q270dw48KflE0LwQYrO7Fm4/2//KCVWg=",
        "owner": "NixOS",
        "repo": "nixpkgs",
        "rev": "e9f00bd893984bc8ce46c895c3bf7cac95331127",
        "type": "github"
      },
      "original": {
        "owner": "NixOS",
        "ref": "nixos-unstable",
        "repo": "nixpkgs",
        "type": "github"
      }
    },
    "nixpkgs_3": {
      "locked": {
        "lastModified": 1759036355,
        "narHash": "sha256-0m27AKv6ka+q270dw48KflE0LwQYrO7Fm4/2//KCVWg=",
        "owner": "NixOS",
        "repo": "nixpkgs",
        "rev": "e9f00bd893984bc8ce46c895c3bf7cac95331127",
        "type": "github"
      },
      "original": {
        "owner": "NixOS",
        "ref": "nixos-unstable",
        "repo": "nixpkgs",
        "type": "github"
      }
    },
    "nixpkgs_4": {
      "locked": {
        "lastModified": 1759036355,
        "narHash": "sha256-0m27AKv6ka+q270dw48KflE0LwQYrO7Fm4/2//KCVWg=",
        "owner": "NixOS",
        "repo": "nixpkgs",
        "rev": "e9f00bd893984bc8ce46c895c3bf7cac95331127",
        "type": "github"
      },
      "original": {
        "owner": "NixOS",
        "ref": "nixos-unstable",
        "repo": "nixpkgs",
        "type": "github"
      }
    },
    "nixpkgs_5": {
      "locked": {
        "lastModified": 1759036355,
        "narHash": "sha256-0m27AKv6ka+q270dw48KflE0LwQYrO7Fm4/2//KCVWg=",
        "owner": "NixOS",
        "repo": "nixpkgs",
        "rev": "e9f00bd893984bc8ce46c895c3bf7cac95331127",
        "type": "github"
      },
      "original": {
        "owner": "NixOS",
        "ref": "nixos-unstable",
        "repo": "nixpkgs",
        "type": "github"
      }
    },
    "nixpkgs_6": {
      "locked": {
        "lastModified": 1759036355,
        "narHash": "sha256-0m27AKv6ka+q270dw48KflE0LwQYrO7Fm4/2//KCVWg=",
        "owner": "NixOS",
        "repo": "nixpkgs",
        "rev": "e9f00bd893984bc8ce46c895c3bf7cac95331127",
        "type": "github"
      },
      "original": {
        "owner": "NixOS",
        "ref": "nixos-unstable",
        "repo": "nixpkgs",
        "type": "github"
      }
    },
    "root": {
      "inputs": {
        "logos-capability-module": "logos-capability-module",
        "logos-cpp-sdk": "logos-cpp-sdk_3",
        "logos-liblogos": "logos-liblogos_2",
        "logos-wallet-module": "logos-wallet-module",
        "nixpkgs": [
          "logos-liblogos",
          "nixpkgs"
        ]
      }
    }
  },
  "root": "root",
  "version": 7
}
